
Microsoft Visual Studio Solution File, Format Version 12.00
# Visual Studio Version 17
VisualStudioVersion = 17.0.32112.339
MinimumVisualStudioVersion = 10.0.40219.1
Project("{9A19103F-16F7-4668-BE54-9A1E7A4F7556}") = "LGM.Domain", "src\LGM.Domain\LGM.Domain.csproj", "{C4275759-4DEE-4DBE-B636-F8B00263C4CA}"
EndProject
Project("{9A19103F-16F7-4668-BE54-9A1E7A4F7556}") = "LGM.Domain.Tests", "tests\LGM.Domain.Tests\LGM.Domain.Tests.csproj", "{0178CBFE-32B8-49B4-A18E-0531B942E6D7}"
EndProject
Project("{9A19103F-16F7-4668-BE54-9A1E7A4F7556}") = "LGM.Application", "LGM.Application\LGM.Application.csproj", "{22FD2F35-4C04-4E6E-95B0-5BCA350BE1C5}"
EndProject
Project("{9A19103F-16F7-4668-BE54-9A1E7A4F7556}") = "LGM.Adapter", "LGM.Adapter\LGM.Adapter.csproj", "{3DA44FA2-11DF-4960-96FF-C0E76F490368}"
EndProject
Project("{9A19103F-16F7-4668-BE54-9A1E7A4F7556}") = "LGM.DTOS", "LGM.DTOS\LGM.DTOS.csproj", "{24F8882D-43F6-413D-A337-9A6A08B0F412}"
EndProject
Project("{2150E333-8FDC-42A3-9474-1A3956D46DE8}") = "Core", "Core", "{4FD00C68-E742-496D-B8B4-98D5618402E6}"
EndProject
Project("{2150E333-8FDC-42A3-9474-1A3956D46DE8}") = "Tests", "Tests", "{5F374DD0-A9E6-4D1A-AB44-BBFAA5B8DD69}"
EndProject
Project("{2150E333-8FDC-42A3-9474-1A3956D46DE8}") = "Shareds", "Shareds", "{DC69F5E4-6031-4B93-A067-FFCBC0782A84}"
EndProject
Project("{2150E333-8FDC-42A3-9474-1A3956D46DE8}") = ".config", ".config", "{02E89A56-D4F7-4BB0-9609-747D861AC669}"
	ProjectSection(SolutionItems) = preProject
		.editorconfig = .editorconfig
	EndProjectSection
EndProject
Global
	GlobalSection(SolutionConfigurationPlatforms) = preSolution
		Debug|Any CPU = Debug|Any CPU
		Release|Any CPU = Release|Any CPU
	EndGlobalSection
	GlobalSection(ProjectConfigurationPlatforms) = postSolution
		{C4275759-4DEE-4DBE-B636-F8B00263C4CA}.Debug|Any CPU.ActiveCfg = Debug|Any CPU
		{C4275759-4DEE-4DBE-B636-F8B00263C4CA}.Debug|Any CPU.Build.0 = Debug|Any CPU
		{C4275759-4DEE-4DBE-B636-F8B00263C4CA}.Release|Any CPU.ActiveCfg = Release|Any CPU
		{C4275759-4DEE-4DBE-B636-F8B00263C4CA}.Release|Any CPU.Build.0 = Release|Any CPU
		{0178CBFE-32B8-49B4-A18E-0531B942E6D7}.Debug|Any CPU.ActiveCfg = Debug|Any CPU
		{0178CBFE-32B8-49B4-A18E-0531B942E6D7}.Debug|Any CPU.Build.0 = Debug|Any CPU
		{0178CBFE-32B8-49B4-A18E-0531B942E6D7}.Release|Any CPU.ActiveCfg = Release|Any CPU
		{0178CBFE-32B8-49B4-A18E-0531B942E6D7}.Release|Any CPU.Build.0 = Release|Any CPU
		{22FD2F35-4C04-4E6E-95B0-5BCA350BE1C5}.Debug|Any CPU.ActiveCfg = Debug|Any CPU
		{22FD2F35-4C04-4E6E-95B0-5BCA350BE1C5}.Debug|Any CPU.Build.0 = Debug|Any CPU
		{22FD2F35-4C04-4E6E-95B0-5BCA350BE1C5}.Release|Any CPU.ActiveCfg = Release|Any CPU
		{22FD2F35-4C04-4E6E-95B0-5BCA350BE1C5}.Release|Any CPU.Build.0 = Release|Any CPU
		{3DA44FA2-11DF-4960-96FF-C0E76F490368}.Debug|Any CPU.ActiveCfg = Debug|Any CPU
		{3DA44FA2-11DF-4960-96FF-C0E76F490368}.Debug|Any CPU.Build.0 = Debug|Any CPU
		{3DA44FA2-11DF-4960-96FF-C0E76F490368}.Release|Any CPU.ActiveCfg = Release|Any CPU
		{3DA44FA2-11DF-4960-96FF-C0E76F490368}.Release|Any CPU.Build.0 = Release|Any CPU
		{24F8882D-43F6-413D-A337-9A6A08B0F412}.Debug|Any CPU.ActiveCfg = Debug|Any CPU
		{24F8882D-43F6-413D-A337-9A6A08B0F412}.Debug|Any CPU.Build.0 = Debug|Any CPU
		{24F8882D-43F6-413D-A337-9A6A08B0F412}.Release|Any CPU.ActiveCfg = Release|Any CPU
		{24F8882D-43F6-413D-A337-9A6A08B0F412}.Release|Any CPU.Build.0 = Release|Any CPU
	EndGlobalSection
	GlobalSection(SolutionProperties) = preSolution
		HideSolutionNode = FALSE
	EndGlobalSection
	GlobalSection(NestedProjects) = preSolution
		{C4275759-4DEE-4DBE-B636-F8B00263C4CA} = {4FD00C68-E742-496D-B8B4-98D5618402E6}
		{0178CBFE-32B8-49B4-A18E-0531B942E6D7} = {5F374DD0-A9E6-4D1A-AB44-BBFAA5B8DD69}
		{22FD2F35-4C04-4E6E-95B0-5BCA350BE1C5} = {4FD00C68-E742-496D-B8B4-98D5618402E6}
		{3DA44FA2-11DF-4960-96FF-C0E76F490368} = {DC69F5E4-6031-4B93-A067-FFCBC0782A84}
		{24F8882D-43F6-413D-A337-9A6A08B0F412} = {DC69F5E4-6031-4B93-A067-FFCBC0782A84}
	EndGlobalSection
	GlobalSection(ExtensibilityGlobals) = postSolution
		SolutionGuid = {6A57D47F-E060-4B3E-B6BD-2AC1C3E889C8}
	EndGlobalSection
EndGlobal
